
Microsoft Visual Studio Solution File, Format Version 12.00
# Visual Studio 2012
Project("{FAE04EC0-301F-11D3-BF4B-00C04F79EFBC}") = "Project", "WindowsFormsApplication1\Project.csproj", "{3060F527-7142-4167-9F1A-BE0C435B76FB}"
EndProject
Global
	GlobalSection(SolutionConfigurationPlatforms) = preSolution
		Debug|Any CPU = Debug|Any CPU
		Release|Any CPU = Release|Any CPU
	EndGlobalSection
	GlobalSection(ProjectConfigurationPlatforms) = postSolution
		{3060F527-7142-4167-9F1A-BE0C435B76FB}.Debug|Any CPU.ActiveCfg = Debug|Any CPU
		{3060F527-7142-4167-9F1A-BE0C435B76FB}.Debug|Any CPU.Build.0 = Debug|Any CPU
		{3060F527-7142-4167-9F1A-BE0C435B76FB}.Release|Any CPU.ActiveCfg = Release|Any CPU
		{3060F527-7142-4167-9F1A-BE0C435B76FB}.Release|Any CPU.Build.0 = Release|Any CPU
	EndGlobalSection
	GlobalSection(SolutionProperties) = preSolution
		HideSolutionNode = FALSE
	EndGlobalSection
EndGlobal
